
Microsoft Visual Studio Solution File, Format Version 12.00
# Visual Studio Version 16
VisualStudioVersion = 16.0.29519.87
MinimumVisualStudioVersion = 10.0.40219.1
Project("{2150E333-8FDC-42A3-9474-1A3956D46DE8}") = "Solution Items", "Solution Items", "{46F1B17B-AEC8-400D-A572-FD8D23605CE3}"
	ProjectSection(SolutionItems) = preProject
		.gitignore = .gitignore
		Readme.md = Readme.md
	EndProjectSection
EndProject
Project("{9A19103F-16F7-4668-BE54-9A1E7A4F7556}") = "DrawingPractise01", "DrawingPractise01\DrawingPractise01.csproj", "{F827E27B-DD27-49A2-938E-093FCC8FD549}"
EndProject
Global
	GlobalSection(SolutionConfigurationPlatforms) = preSolution
		Debug|Any CPU = Debug|Any CPU
		Release|Any CPU = Release|Any CPU
	EndGlobalSection
	GlobalSection(ProjectConfigurationPlatforms) = postSolution
		{F827E27B-DD27-49A2-938E-093FCC8FD549}.Debug|Any CPU.ActiveCfg = Debug|Any CPU
		{F827E27B-DD27-49A2-938E-093FCC8FD549}.Debug|Any CPU.Build.0 = Debug|Any CPU
		{F827E27B-DD27-49A2-938E-093FCC8FD549}.Release|Any CPU.ActiveCfg = Release|Any CPU
		{F827E27B-DD27-49A2-938E-093FCC8FD549}.Release|Any CPU.Build.0 = Release|Any CPU
	EndGlobalSection
	GlobalSection(SolutionProperties) = preSolution
		HideSolutionNode = FALSE
	EndGlobalSection
	GlobalSection(ExtensibilityGlobals) = postSolution
		SolutionGuid = {83CF309E-5750-4DBC-8167-C306D3915CAB}
	EndGlobalSection
EndGlobal
